
Microsoft Visual Studio Solution File, Format Version 12.00
# Visual Studio Version 17
VisualStudioVersion = 17.14.36511.14
MinimumVisualStudioVersion = 10.0.40219.1
Project("{FAE04EC0-301F-11D3-BF4B-00C04F79EFBC}") = "SoundScenesOpenAL_Console", "SoundScenesOpenAL_Console\SoundScenesOpenAL_Console.csproj", "{64FE3CBC-C6BD-49A7-9355-07D81FA4B34E}"
EndProject
Project("{FAE04EC0-301F-11D3-BF4B-00C04F79EFBC}") = "SoundScenesOpenAL_Library", "SoundScenesOpenAL_Library\SoundScenesOpenAL_Library.csproj", "{9B7FFE90-0D8D-4811-8901-4A79EDD68373}"
EndProject
Global
	GlobalSection(SolutionConfigurationPlatforms) = preSolution
		Debug|Any CPU = Debug|Any CPU
		Release|Any CPU = Release|Any CPU
	EndGlobalSection
	GlobalSection(ProjectConfigurationPlatforms) = postSolution
		{64FE3CBC-C6BD-49A7-9355-07D81FA4B34E}.Debug|Any CPU.ActiveCfg = Debug|Any CPU
		{64FE3CBC-C6BD-49A7-9355-07D81FA4B34E}.Debug|Any CPU.Build.0 = Debug|Any CPU
		{64FE3CBC-C6BD-49A7-9355-07D81FA4B34E}.Release|Any CPU.ActiveCfg = Release|Any CPU
		{64FE3CBC-C6BD-49A7-9355-07D81FA4B34E}.Release|Any CPU.Build.0 = Release|Any CPU
		{9B7FFE90-0D8D-4811-8901-4A79EDD68373}.Debug|Any CPU.ActiveCfg = Debug|Any CPU
		{9B7FFE90-0D8D-4811-8901-4A79EDD68373}.Debug|Any CPU.Build.0 = Debug|Any CPU
		{9B7FFE90-0D8D-4811-8901-4A79EDD68373}.Release|Any CPU.ActiveCfg = Release|Any CPU
		{9B7FFE90-0D8D-4811-8901-4A79EDD68373}.Release|Any CPU.Build.0 = Release|Any CPU
	EndGlobalSection
	GlobalSection(SolutionProperties) = preSolution
		HideSolutionNode = FALSE
	EndGlobalSection
	GlobalSection(ExtensibilityGlobals) = postSolution
		SolutionGuid = {13E7910F-7F62-45C0-AEF0-3DE54E4E8A14}
	EndGlobalSection
EndGlobal
